
Microsoft Visual Studio Solution File, Format Version 12.00
# Visual Studio Version 17
VisualStudioVersion = 17.4.33103.184
MinimumVisualStudioVersion = 10.0.40219.1
Project("{FAE04EC0-301F-11D3-BF4B-00C04F79EFBC}") = "Lab06_Pakhomov", "Lab06_Pakhomov\Lab06_Pakhomov.csproj", "{19581841-5777-456F-9D4B-37B49EC350DF}"
EndProject
Global
	GlobalSection(SolutionConfigurationPlatforms) = preSolution
		Debug|Any CPU = Debug|Any CPU
		Release|Any CPU = Release|Any CPU
	EndGlobalSection
	GlobalSection(ProjectConfigurationPlatforms) = postSolution
		{19581841-5777-456F-9D4B-37B49EC350DF}.Debug|Any CPU.ActiveCfg = Debug|Any CPU
		{19581841-5777-456F-9D4B-37B49EC350DF}.Debug|Any CPU.Build.0 = Debug|Any CPU
		{19581841-5777-456F-9D4B-37B49EC350DF}.Release|Any CPU.ActiveCfg = Release|Any CPU
		{19581841-5777-456F-9D4B-37B49EC350DF}.Release|Any CPU.Build.0 = Release|Any CPU
	EndGlobalSection
	GlobalSection(SolutionProperties) = preSolution
		HideSolutionNode = FALSE
	EndGlobalSection
	GlobalSection(ExtensibilityGlobals) = postSolution
		SolutionGuid = {FF528775-F410-4A47-A938-609B3917FCBE}
	EndGlobalSection
EndGlobal
